## This file is generated by pnpm
## F:

lockfileVersion: 5.4

importers:

  .:
    dependencies:
      facebook: 30.0.0
    devDependencies: {}
    optionalDependencies: {}

packages:

  /facebook/30.0.0:
    resolution: {integrity: sha512-AAAAAAAAAAAAAAAAAAAAAAAAAAAAAAAAAAAAAAAAAAA=}
    name: facebook
    version: 30.0.0
    dependencies: {}
    dev: false